// !$*UTF8*$!
{
	archiveVersion = 1;
	classes = {
	};
	objectVersion = 56;
	objects = {

/* Begin PBXBuildFile section */
		D51440942B94695200F2A8DE /* BlueToothPrinterRowView.swift in Sources */ = {isa = PBXBuildFile; fileRef = D51440932B94695200F2A8DE /* BlueToothPrinterRowView.swift */; };
		D580BD892B9929040050074D /* ColorManager.swift in Sources */ = {isa = PBXBuildFile; fileRef = D580BD882B9929040050074D /* ColorManager.swift */; };
		D580BD8D2B993D510050074D /* Localizable.xcstrings in Resources */ = {isa = PBXBuildFile; fileRef = D580BD8C2B993D510050074D /* Localizable.xcstrings */; };
		D58980702B91377600D3EBEB /* CaterpieApp.swift in Sources */ = {isa = PBXBuildFile; fileRef = D589806F2B91377600D3EBEB /* CaterpieApp.swift */; };
		D58980722B91377600D3EBEB /* ContentView.swift in Sources */ = {isa = PBXBuildFile; fileRef = D58980712B91377600D3EBEB /* ContentView.swift */; };
		D58980742B91377700D3EBEB /* Assets.xcassets in Resources */ = {isa = PBXBuildFile; fileRef = D58980732B91377700D3EBEB /* Assets.xcassets */; };
		D58980772B91377700D3EBEB /* Preview Assets.xcassets in Resources */ = {isa = PBXBuildFile; fileRef = D58980762B91377700D3EBEB /* Preview Assets.xcassets */; };
		D58980802B9138AC00D3EBEB /* QRCodeView.swift in Sources */ = {isa = PBXBuildFile; fileRef = D589807F2B9138AC00D3EBEB /* QRCodeView.swift */; };
		D58980A22B91DB0800D3EBEB /* BluetoothManager.swift in Sources */ = {isa = PBXBuildFile; fileRef = D58980A12B91DB0800D3EBEB /* BluetoothManager.swift */; };
		D58980A52B91DB8100D3EBEB /* BTDeviceChoiceView.swift in Sources */ = {isa = PBXBuildFile; fileRef = D58980A42B91DB8100D3EBEB /* BTDeviceChoiceView.swift */; };
		D58980AB2B9210E100D3EBEB /* PrinterManager.swift in Sources */ = {isa = PBXBuildFile; fileRef = D58980AA2B9210E100D3EBEB /* PrinterManager.swift */; };
		D58980B02B9459BD00D3EBEB /* BluetoothPrinter.swift in Sources */ = {isa = PBXBuildFile; fileRef = D58980AF2B9459BD00D3EBEB /* BluetoothPrinter.swift */; };
/* End PBXBuildFile section */

/* Begin PBXFileReference section */
		D51440932B94695200F2A8DE /* BlueToothPrinterRowView.swift */ = {isa = PBXFileReference; lastKnownFileType = sourcecode.swift; path = BlueToothPrinterRowView.swift; sourceTree = "<group>"; };
		D580BD882B9929040050074D /* ColorManager.swift */ = {isa = PBXFileReference; lastKnownFileType = sourcecode.swift; path = ColorManager.swift; sourceTree = "<group>"; };
		D580BD8C2B993D510050074D /* Localizable.xcstrings */ = {isa = PBXFileReference; lastKnownFileType = text.json.xcstrings; path = Localizable.xcstrings; sourceTree = "<group>"; };
		D589806C2B91377600D3EBEB /* Caterpie.app */ = {isa = PBXFileReference; explicitFileType = wrapper.application; includeInIndex = 0; path = Caterpie.app; sourceTree = BUILT_PRODUCTS_DIR; };
		D589806F2B91377600D3EBEB /* CaterpieApp.swift */ = {isa = PBXFileReference; lastKnownFileType = sourcecode.swift; path = CaterpieApp.swift; sourceTree = "<group>"; };
		D58980712B91377600D3EBEB /* ContentView.swift */ = {isa = PBXFileReference; lastKnownFileType = sourcecode.swift; path = ContentView.swift; sourceTree = "<group>"; };
		D58980732B91377700D3EBEB /* Assets.xcassets */ = {isa = PBXFileReference; lastKnownFileType = folder.assetcatalog; path = Assets.xcassets; sourceTree = "<group>"; };
		D58980762B91377700D3EBEB /* Preview Assets.xcassets */ = {isa = PBXFileReference; lastKnownFileType = folder.assetcatalog; path = "Preview Assets.xcassets"; sourceTree = "<group>"; };
		D58980782B91377700D3EBEB /* Caterpie.entitlements */ = {isa = PBXFileReference; lastKnownFileType = text.plist.entitlements; path = Caterpie.entitlements; sourceTree = "<group>"; };
		D589807F2B9138AC00D3EBEB /* QRCodeView.swift */ = {isa = PBXFileReference; lastKnownFileType = sourcecode.swift; path = QRCodeView.swift; sourceTree = "<group>"; };
		D58980A12B91DB0800D3EBEB /* BluetoothManager.swift */ = {isa = PBXFileReference; lastKnownFileType = sourcecode.swift; path = BluetoothManager.swift; sourceTree = "<group>"; };
		D58980A42B91DB8100D3EBEB /* BTDeviceChoiceView.swift */ = {isa = PBXFileReference; lastKnownFileType = sourcecode.swift; path = BTDeviceChoiceView.swift; sourceTree = "<group>"; };
		D58980A62B91E08000D3EBEB /* Info.plist */ = {isa = PBXFileReference; lastKnownFileType = text.plist; path = Info.plist; sourceTree = "<group>"; };
		D58980AA2B9210E100D3EBEB /* PrinterManager.swift */ = {isa = PBXFileReference; lastKnownFileType = sourcecode.swift; path = PrinterManager.swift; sourceTree = "<group>"; };
		D58980AF2B9459BD00D3EBEB /* BluetoothPrinter.swift */ = {isa = PBXFileReference; lastKnownFileType = sourcecode.swift; path = BluetoothPrinter.swift; sourceTree = "<group>"; };
/* End PBXFileReference section */

/* Begin PBXFrameworksBuildPhase section */
		D58980692B91377600D3EBEB /* Frameworks */ = {
			isa = PBXFrameworksBuildPhase;
			buildActionMask = 2147483647;
			files = (
			);
			runOnlyForDeploymentPostprocessing = 0;
		};
/* End PBXFrameworksBuildPhase section */

/* Begin PBXGroup section */
		D51440922B94692200F2A8DE /* Models */ = {
			isa = PBXGroup;
			children = (
				D51440932B94695200F2A8DE /* BlueToothPrinterRowView.swift */,
			);
			path = Models;
			sourceTree = "<group>";
		};
		D580BD8B2B993D090050074D /* Localization */ = {
			isa = PBXGroup;
			children = (
				D580BD8C2B993D510050074D /* Localizable.xcstrings */,
			);
			path = Localization;
			sourceTree = "<group>";
		};
		D58980632B91377600D3EBEB = {
			isa = PBXGroup;
			children = (
				D589806E2B91377600D3EBEB /* Caterpie */,
				D589806D2B91377600D3EBEB /* Products */,
			);
			sourceTree = "<group>";
		};
		D589806D2B91377600D3EBEB /* Products */ = {
			isa = PBXGroup;
			children = (
				D589806C2B91377600D3EBEB /* Caterpie.app */,
			);
			name = Products;
			sourceTree = "<group>";
		};
		D589806E2B91377600D3EBEB /* Caterpie */ = {
			isa = PBXGroup;
			children = (
				D580BD8B2B993D090050074D /* Localization */,
				D58980A72B91ECEB00D3EBEB /* Models */,
				D58980A62B91E08000D3EBEB /* Info.plist */,
				D58980A32B91DB4B00D3EBEB /* BluetoothDeviceChoice */,
				D589807E2B91388E00D3EBEB /* Tools */,
				D589806F2B91377600D3EBEB /* CaterpieApp.swift */,
				D58980712B91377600D3EBEB /* ContentView.swift */,
				D58980732B91377700D3EBEB /* Assets.xcassets */,
				D58980782B91377700D3EBEB /* Caterpie.entitlements */,
				D58980752B91377700D3EBEB /* Preview Content */,
			);
			path = Caterpie;
			sourceTree = "<group>";
		};
		D58980752B91377700D3EBEB /* Preview Content */ = {
			isa = PBXGroup;
			children = (
				D58980762B91377700D3EBEB /* Preview Assets.xcassets */,
			);
			path = "Preview Content";
			sourceTree = "<group>";
		};
		D589807E2B91388E00D3EBEB /* Tools */ = {
			isa = PBXGroup;
			children = (
				D58980AE2B9459A500D3EBEB /* Models */,
				D589807F2B9138AC00D3EBEB /* QRCodeView.swift */,
				D58980A12B91DB0800D3EBEB /* BluetoothManager.swift */,
				D58980AA2B9210E100D3EBEB /* PrinterManager.swift */,
				D580BD882B9929040050074D /* ColorManager.swift */,
			);
			path = Tools;
			sourceTree = "<group>";
		};
		D58980A32B91DB4B00D3EBEB /* BluetoothDeviceChoice */ = {
			isa = PBXGroup;
			children = (
				D51440922B94692200F2A8DE /* Models */,
				D58980A42B91DB8100D3EBEB /* BTDeviceChoiceView.swift */,
			);
			path = BluetoothDeviceChoice;
			sourceTree = "<group>";
		};
		D58980A72B91ECEB00D3EBEB /* Models */ = {
			isa = PBXGroup;
			children = (
			);
			path = Models;
			sourceTree = "<group>";
		};
		D58980AE2B9459A500D3EBEB /* Models */ = {
			isa = PBXGroup;
			children = (
				D58980AF2B9459BD00D3EBEB /* BluetoothPrinter.swift */,
			);
			path = Models;
			sourceTree = "<group>";
		};
/* End PBXGroup section */

/* Begin PBXNativeTarget section */
		D589806B2B91377600D3EBEB /* Caterpie */ = {
			isa = PBXNativeTarget;
			buildConfigurationList = D589807B2B91377700D3EBEB /* Build configuration list for PBXNativeTarget "Caterpie" */;
			buildPhases = (
				D58980682B91377600D3EBEB /* Sources */,
				D58980692B91377600D3EBEB /* Frameworks */,
				D589806A2B91377600D3EBEB /* Resources */,
			);
			buildRules = (
			);
			dependencies = (
			);
			name = Caterpie;
			productName = Caterpie;
			productReference = D589806C2B91377600D3EBEB /* Caterpie.app */;
			productType = "com.apple.product-type.application";
		};
/* End PBXNativeTarget section */

/* Begin PBXProject section */
		D58980642B91377600D3EBEB /* Project object */ = {
			isa = PBXProject;
			attributes = {
				BuildIndependentTargetsInParallel = 1;
				LastSwiftUpdateCheck = 1520;
				LastUpgradeCheck = 1520;
				TargetAttributes = {
					D589806B2B91377600D3EBEB = {
						CreatedOnToolsVersion = 15.2;
					};
				};
			};
			buildConfigurationList = D58980672B91377600D3EBEB /* Build configuration list for PBXProject "Caterpie" */;
			compatibilityVersion = "Xcode 14.0";
			developmentRegion = en;
			hasScannedForEncodings = 0;
			knownRegions = (
				en,
				Base,
				de,
			);
			mainGroup = D58980632B91377600D3EBEB;
			productRefGroup = D589806D2B91377600D3EBEB /* Products */;
			projectDirPath = "";
			projectRoot = "";
			targets = (
				D589806B2B91377600D3EBEB /* Caterpie */,
			);
		};
/* End PBXProject section */

/* Begin PBXResourcesBuildPhase section */
		D589806A2B91377600D3EBEB /* Resources */ = {
			isa = PBXResourcesBuildPhase;
			buildActionMask = 2147483647;
			files = (
				D58980772B91377700D3EBEB /* Preview Assets.xcassets in Resources */,
				D58980742B91377700D3EBEB /* Assets.xcassets in Resources */,
				D580BD8D2B993D510050074D /* Localizable.xcstrings in Resources */,
			);
			runOnlyForDeploymentPostprocessing = 0;
		};
/* End PBXResourcesBuildPhase section */

/* Begin PBXSourcesBuildPhase section */
		D58980682B91377600D3EBEB /* Sources */ = {
			isa = PBXSourcesBuildPhase;
			buildActionMask = 2147483647;
			files = (
				D58980722B91377600D3EBEB /* ContentView.swift in Sources */,
				D58980702B91377600D3EBEB /* CaterpieApp.swift in Sources */,
				D58980A52B91DB8100D3EBEB /* BTDeviceChoiceView.swift in Sources */,
				D58980A22B91DB0800D3EBEB /* BluetoothManager.swift in Sources */,
				D58980802B9138AC00D3EBEB /* QRCodeView.swift in Sources */,
				D51440942B94695200F2A8DE /* BlueToothPrinterRowView.swift in Sources */,
				D580BD892B9929040050074D /* ColorManager.swift in Sources */,
				D58980B02B9459BD00D3EBEB /* BluetoothPrinter.swift in Sources */,
				D58980AB2B9210E100D3EBEB /* PrinterManager.swift in Sources */,
			);
			runOnlyForDeploymentPostprocessing = 0;
		};
/* End PBXSourcesBuildPhase section */

/* Begin XCBuildConfiguration section */
		D58980792B91377700D3EBEB /* Debug */ = {
			isa = XCBuildConfiguration;
			buildSettings = {
				ALWAYS_SEARCH_USER_PATHS = NO;
				ASSETCATALOG_COMPILER_GENERATE_SWIFT_ASSET_SYMBOL_EXTENSIONS = YES;
				CLANG_ANALYZER_NONNULL = YES;
				CLANG_ANALYZER_NUMBER_OBJECT_CONVERSION = YES_AGGRESSIVE;
				CLANG_CXX_LANGUAGE_STANDARD = "gnu++20";
				CLANG_ENABLE_MODULES = YES;
				CLANG_ENABLE_OBJC_ARC = YES;
				CLANG_ENABLE_OBJC_WEAK = YES;
				CLANG_WARN_BLOCK_CAPTURE_AUTORELEASING = YES;
				CLANG_WARN_BOOL_CONVERSION = YES;
				CLANG_WARN_COMMA = YES;
				CLANG_WARN_CONSTANT_CONVERSION = YES;
				CLANG_WARN_DEPRECATED_OBJC_IMPLEMENTATIONS = YES;
				CLANG_WARN_DIRECT_OBJC_ISA_USAGE = YES_ERROR;
				CLANG_WARN_DOCUMENTATION_COMMENTS = YES;
				CLANG_WARN_EMPTY_BODY = YES;
				CLANG_WARN_ENUM_CONVERSION = YES;
				CLANG_WARN_INFINITE_RECURSION = YES;
				CLANG_WARN_INT_CONVERSION = YES;
				CLANG_WARN_NON_LITERAL_NULL_CONVERSION = YES;
				CLANG_WARN_OBJC_IMPLICIT_RETAIN_SELF = YES;
				CLANG_WARN_OBJC_LITERAL_CONVERSION = YES;
				CLANG_WARN_OBJC_ROOT_CLASS = YES_ERROR;
				CLANG_WARN_QUOTED_INCLUDE_IN_FRAMEWORK_HEADER = YES;
				CLANG_WARN_RANGE_LOOP_ANALYSIS = YES;
				CLANG_WARN_STRICT_PROTOTYPES = YES;
				CLANG_WARN_SUSPICIOUS_MOVE = YES;
				CLANG_WARN_UNGUARDED_AVAILABILITY = YES_AGGRESSIVE;
				CLANG_WARN_UNREACHABLE_CODE = YES;
				CLANG_WARN__DUPLICATE_METHOD_MATCH = YES;
				COPY_PHASE_STRIP = NO;
				DEBUG_INFORMATION_FORMAT = dwarf;
				ENABLE_STRICT_OBJC_MSGSEND = YES;
				ENABLE_TESTABILITY = YES;
				ENABLE_USER_SCRIPT_SANDBOXING = YES;
				GCC_C_LANGUAGE_STANDARD = gnu17;
				GCC_DYNAMIC_NO_PIC = NO;
				GCC_NO_COMMON_BLOCKS = YES;
				GCC_OPTIMIZATION_LEVEL = 0;
				GCC_PREPROCESSOR_DEFINITIONS = (
					"DEBUG=1",
					"$(inherited)",
				);
				GCC_WARN_64_TO_32_BIT_CONVERSION = YES;
				GCC_WARN_ABOUT_RETURN_TYPE = YES_ERROR;
				GCC_WARN_UNDECLARED_SELECTOR = YES;
				GCC_WARN_UNINITIALIZED_AUTOS = YES_AGGRESSIVE;
				GCC_WARN_UNUSED_FUNCTION = YES;
				GCC_WARN_UNUSED_VARIABLE = YES;
				LOCALIZATION_PREFERS_STRING_CATALOGS = YES;
				MACOSX_DEPLOYMENT_TARGET = 14.2;
				MTL_ENABLE_DEBUG_INFO = INCLUDE_SOURCE;
				MTL_FAST_MATH = YES;
				ONLY_ACTIVE_ARCH = YES;
				SDKROOT = macosx;
				SWIFT_ACTIVE_COMPILATION_CONDITIONS = "DEBUG $(inherited)";
				SWIFT_OPTIMIZATION_LEVEL = "-Onone";
			};
			name = Debug;
		};
		D589807A2B91377700D3EBEB /* Release */ = {
			isa = XCBuildConfiguration;
			buildSettings = {
				ALWAYS_SEARCH_USER_PATHS = NO;
				ASSETCATALOG_COMPILER_GENERATE_SWIFT_ASSET_SYMBOL_EXTENSIONS = YES;
				CLANG_ANALYZER_NONNULL = YES;
				CLANG_ANALYZER_NUMBER_OBJECT_CONVERSION = YES_AGGRESSIVE;
				CLANG_CXX_LANGUAGE_STANDARD = "gnu++20";
				CLANG_ENABLE_MODULES = YES;
				CLANG_ENABLE_OBJC_ARC = YES;
				CLANG_ENABLE_OBJC_WEAK = YES;
				CLANG_WARN_BLOCK_CAPTURE_AUTORELEASING = YES;
				CLANG_WARN_BOOL_CONVERSION = YES;
				CLANG_WARN_COMMA = YES;
				CLANG_WARN_CONSTANT_CONVERSION = YES;
				CLANG_WARN_DEPRECATED_OBJC_IMPLEMENTATIONS = YES;
				CLANG_WARN_DIRECT_OBJC_ISA_USAGE = YES_ERROR;
				CLANG_WARN_DOCUMENTATION_COMMENTS = YES;
				CLANG_WARN_EMPTY_BODY = YES;
				CLANG_WARN_ENUM_CONVERSION = YES;
				CLANG_WARN_INFINITE_RECURSION = YES;
				CLANG_WARN_INT_CONVERSION = YES;
				CLANG_WARN_NON_LITERAL_NULL_CONVERSION = YES;
				CLANG_WARN_OBJC_IMPLICIT_RETAIN_SELF = YES;
				CLANG_WARN_OBJC_LITERAL_CONVERSION = YES;
				CLANG_WARN_OBJC_ROOT_CLASS = YES_ERROR;
				CLANG_WARN_QUOTED_INCLUDE_IN_FRAMEWORK_HEADER = YES;
				CLANG_WARN_RANGE_LOOP_ANALYSIS = YES;
				CLANG_WARN_STRICT_PROTOTYPES = YES;
				CLANG_WARN_SUSPICIOUS_MOVE = YES;
				CLANG_WARN_UNGUARDED_AVAILABILITY = YES_AGGRESSIVE;
				CLANG_WARN_UNREACHABLE_CODE = YES;
				CLANG_WARN__DUPLICATE_METHOD_MATCH = YES;
				COPY_PHASE_STRIP = NO;
				DEBUG_INFORMATION_FORMAT = "dwarf-with-dsym";
				ENABLE_NS_ASSERTIONS = NO;
				ENABLE_STRICT_OBJC_MSGSEND = YES;
				ENABLE_USER_SCRIPT_SANDBOXING = YES;
				GCC_C_LANGUAGE_STANDARD = gnu17;
				GCC_NO_COMMON_BLOCKS = YES;
				GCC_WARN_64_TO_32_BIT_CONVERSION = YES;
				GCC_WARN_ABOUT_RETURN_TYPE = YES_ERROR;
				GCC_WARN_UNDECLARED_SELECTOR = YES;
				GCC_WARN_UNINITIALIZED_AUTOS = YES_AGGRESSIVE;
				GCC_WARN_UNUSED_FUNCTION = YES;
				GCC_WARN_UNUSED_VARIABLE = YES;
				LOCALIZATION_PREFERS_STRING_CATALOGS = YES;
				MACOSX_DEPLOYMENT_TARGET = 14.2;
				MTL_ENABLE_DEBUG_INFO = NO;
				MTL_FAST_MATH = YES;
				SDKROOT = macosx;
				SWIFT_COMPILATION_MODE = wholemodule;
			};
			name = Release;
		};
		D589807C2B91377700D3EBEB /* Debug */ = {
			isa = XCBuildConfiguration;
			buildSettings = {
				ASSETCATALOG_COMPILER_APPICON_NAME = AppIcon;
				ASSETCATALOG_COMPILER_GLOBAL_ACCENT_COLOR_NAME = AccentColor;
				CODE_SIGN_ENTITLEMENTS = Caterpie/Caterpie.entitlements;
				CODE_SIGN_STYLE = Automatic;
				COMBINE_HIDPI_IMAGES = YES;
				CURRENT_PROJECT_VERSION = 1;
				DEVELOPMENT_ASSET_PATHS = "\"Caterpie/Preview Content\"";
				DEVELOPMENT_TEAM = XLAGW5Z727;
				ENABLE_HARDENED_RUNTIME = YES;
				ENABLE_PREVIEWS = YES;
				GENERATE_INFOPLIST_FILE = YES;
				INFOPLIST_FILE = Caterpie/Info.plist;
				INFOPLIST_KEY_NSHumanReadableCopyright = "";
				LD_RUNPATH_SEARCH_PATHS = (
					"$(inherited)",
					"@executable_path/../Frameworks",
				);
				MARKETING_VERSION = 1.0;
				PRODUCT_BUNDLE_IDENTIFIER = com.dannydauck.Caterpie;
				PRODUCT_NAME = "$(TARGET_NAME)";
				SUPPORTED_PLATFORMS = macosx;
				SUPPORTS_MACCATALYST = NO;
				SWIFT_EMIT_LOC_STRINGS = YES;
				SWIFT_VERSION = 5.0;
			};
			name = Debug;
		};
		D589807D2B91377700D3EBEB /* Release */ = {
			isa = XCBuildConfiguration;
			buildSettings = {
				ASSETCATALOG_COMPILER_APPICON_NAME = AppIcon;
				ASSETCATALOG_COMPILER_GLOBAL_ACCENT_COLOR_NAME = AccentColor;
				CODE_SIGN_ENTITLEMENTS = Caterpie/Caterpie.entitlements;
				CODE_SIGN_STYLE = Automatic;
				COMBINE_HIDPI_IMAGES = YES;
				CURRENT_PROJECT_VERSION = 1;
				DEVELOPMENT_ASSET_PATHS = "\"Caterpie/Preview Content\"";
				DEVELOPMENT_TEAM = XLAGW5Z727;
				ENABLE_HARDENED_RUNTIME = YES;
				ENABLE_PREVIEWS = YES;
				GENERATE_INFOPLIST_FILE = YES;
				INFOPLIST_FILE = Caterpie/Info.plist;
				INFOPLIST_KEY_NSHumanReadableCopyright = "";
				LD_RUNPATH_SEARCH_PATHS = (
					"$(inherited)",
					"@executable_path/../Frameworks",
				);
				MARKETING_VERSION = 1.0;
				PRODUCT_BUNDLE_IDENTIFIER = com.dannydauck.Caterpie;
				PRODUCT_NAME = "$(TARGET_NAME)";
				SUPPORTED_PLATFORMS = macosx;
				SUPPORTS_MACCATALYST = NO;
				SWIFT_EMIT_LOC_STRINGS = YES;
				SWIFT_VERSION = 5.0;
			};
			name = Release;
		};
/* End XCBuildConfiguration section */

/* Begin XCConfigurationList section */
		D58980672B91377600D3EBEB /* Build configuration list for PBXProject "Caterpie" */ = {
			isa = XCConfigurationList;
			buildConfigurations = (
				D58980792B91377700D3EBEB /* Debug */,
				D589807A2B91377700D3EBEB /* Release */,
			);
			defaultConfigurationIsVisible = 0;
			defaultConfigurationName = Release;
		};
		D589807B2B91377700D3EBEB /* Build configuration list for PBXNativeTarget "Caterpie" */ = {
			isa = XCConfigurationList;
			buildConfigurations = (
				D589807C2B91377700D3EBEB /* Debug */,
				D589807D2B91377700D3EBEB /* Release */,
			);
			defaultConfigurationIsVisible = 0;
			defaultConfigurationName = Release;
		};
/* End XCConfigurationList section */
	};
	rootObject = D58980642B91377600D3EBEB /* Project object */;
}
