// !$*UTF8*$!
{
	archiveVersion = 1;
	classes = {
	};
	objectVersion = 56;
	objects = {

/* Begin PBXBuildFile section */
		D5199C542BAAD7BE001B3967 /* GoogleService-Info.plist in Resources */ = {isa = PBXBuildFile; fileRef = D5199C532BAAD7BE001B3967 /* GoogleService-Info.plist */; };
		D5199C572BAAD809001B3967 /* FirebaseAnalytics in Frameworks */ = {isa = PBXBuildFile; productRef = D5199C562BAAD809001B3967 /* FirebaseAnalytics */; };
		D5199C592BAAD809001B3967 /* FirebaseAnalyticsOnDeviceConversion in Frameworks */ = {isa = PBXBuildFile; productRef = D5199C582BAAD809001B3967 /* FirebaseAnalyticsOnDeviceConversion */; };
		D5199C5B2BAAD809001B3967 /* FirebaseAnalyticsSwift in Frameworks */ = {isa = PBXBuildFile; productRef = D5199C5A2BAAD809001B3967 /* FirebaseAnalyticsSwift */; };
		D5199C5D2BAAD809001B3967 /* FirebaseAnalyticsWithoutAdIdSupport in Frameworks */ = {isa = PBXBuildFile; productRef = D5199C5C2BAAD809001B3967 /* FirebaseAnalyticsWithoutAdIdSupport */; };
		D5199C5F2BAAD809001B3967 /* FirebaseAppCheck in Frameworks */ = {isa = PBXBuildFile; productRef = D5199C5E2BAAD809001B3967 /* FirebaseAppCheck */; };
		D5199C612BAAD809001B3967 /* FirebaseAppDistribution-Beta in Frameworks */ = {isa = PBXBuildFile; productRef = D5199C602BAAD809001B3967 /* FirebaseAppDistribution-Beta */; };
		D5199C632BAAD809001B3967 /* FirebaseAuth in Frameworks */ = {isa = PBXBuildFile; productRef = D5199C622BAAD809001B3967 /* FirebaseAuth */; };
		D5199C652BAAD809001B3967 /* FirebaseAuthCombine-Community in Frameworks */ = {isa = PBXBuildFile; productRef = D5199C642BAAD809001B3967 /* FirebaseAuthCombine-Community */; };
		D5199C672BAAD809001B3967 /* FirebaseFirestore in Frameworks */ = {isa = PBXBuildFile; productRef = D5199C662BAAD809001B3967 /* FirebaseFirestore */; };
		D5199C692BAAD809001B3967 /* FirebaseFirestoreCombine-Community in Frameworks */ = {isa = PBXBuildFile; productRef = D5199C682BAAD809001B3967 /* FirebaseFirestoreCombine-Community */; };
		D5199C6B2BAAD809001B3967 /* FirebaseFirestoreSwift in Frameworks */ = {isa = PBXBuildFile; productRef = D5199C6A2BAAD809001B3967 /* FirebaseFirestoreSwift */; };
		D5199C6D2BAAD809001B3967 /* FirebaseFunctions in Frameworks */ = {isa = PBXBuildFile; productRef = D5199C6C2BAAD809001B3967 /* FirebaseFunctions */; };
		D5199C6F2BAAD809001B3967 /* FirebaseFunctionsCombine-Community in Frameworks */ = {isa = PBXBuildFile; productRef = D5199C6E2BAAD809001B3967 /* FirebaseFunctionsCombine-Community */; };
		D5199C712BAAD809001B3967 /* FirebaseInAppMessaging-Beta in Frameworks */ = {isa = PBXBuildFile; productRef = D5199C702BAAD809001B3967 /* FirebaseInAppMessaging-Beta */; };
		D5199C732BAAD809001B3967 /* FirebaseInAppMessagingSwift-Beta in Frameworks */ = {isa = PBXBuildFile; productRef = D5199C722BAAD809001B3967 /* FirebaseInAppMessagingSwift-Beta */; };
		D5199C752BAAD809001B3967 /* FirebaseMLModelDownloader in Frameworks */ = {isa = PBXBuildFile; productRef = D5199C742BAAD809001B3967 /* FirebaseMLModelDownloader */; };
		D5199C772BAAD809001B3967 /* FirebaseMessaging in Frameworks */ = {isa = PBXBuildFile; productRef = D5199C762BAAD809001B3967 /* FirebaseMessaging */; };
		D5199C792BAAD80A001B3967 /* FirebasePerformance in Frameworks */ = {isa = PBXBuildFile; productRef = D5199C782BAAD80A001B3967 /* FirebasePerformance */; };
		D5199C7B2BAAD80A001B3967 /* FirebaseRemoteConfig in Frameworks */ = {isa = PBXBuildFile; productRef = D5199C7A2BAAD80A001B3967 /* FirebaseRemoteConfig */; };
		D5199C7D2BAAD80A001B3967 /* FirebaseRemoteConfigSwift in Frameworks */ = {isa = PBXBuildFile; productRef = D5199C7C2BAAD80A001B3967 /* FirebaseRemoteConfigSwift */; };
		D5199C7F2BAAD80A001B3967 /* FirebaseStorage in Frameworks */ = {isa = PBXBuildFile; productRef = D5199C7E2BAAD80A001B3967 /* FirebaseStorage */; };
		D5199C812BAAD80A001B3967 /* FirebaseStorageCombine-Community in Frameworks */ = {isa = PBXBuildFile; productRef = D5199C802BAAD80A001B3967 /* FirebaseStorageCombine-Community */; };
		D5199C852BAAD875001B3967 /* SplashScreenView.swift in Sources */ = {isa = PBXBuildFile; fileRef = D5199C842BAAD875001B3967 /* SplashScreenView.swift */; };
		D5199C882BAAE2F0001B3967 /* SplashScreenVideo.mp4 in Resources */ = {isa = PBXBuildFile; fileRef = D5199C872BAAE2F0001B3967 /* SplashScreenVideo.mp4 */; };
		D5199C8B2BAAE5DE001B3967 /* RemoteDatabankRepository.swift in Sources */ = {isa = PBXBuildFile; fileRef = D5199C8A2BAAE5DE001B3967 /* RemoteDatabankRepository.swift */; };
		D5199C8E2BAAE635001B3967 /* GonepteryxDevice.swift in Sources */ = {isa = PBXBuildFile; fileRef = D5199C8D2BAAE635001B3967 /* GonepteryxDevice.swift */; };
		D5199C902BAAE676001B3967 /* Employee.swift in Sources */ = {isa = PBXBuildFile; fileRef = D5199C8F2BAAE676001B3967 /* Employee.swift */; };
		D5199C932BAAEA34001B3967 /* Permission.swift in Sources */ = {isa = PBXBuildFile; fileRef = D5199C922BAAEA34001B3967 /* Permission.swift */; };
		D5199C952BAAF07D001B3967 /* User.swift in Sources */ = {isa = PBXBuildFile; fileRef = D5199C942BAAF07D001B3967 /* User.swift */; };
		D5199C972BAAF0C8001B3967 /* Adresse.swift in Sources */ = {isa = PBXBuildFile; fileRef = D5199C962BAAF0C8001B3967 /* Adresse.swift */; };
		D5199C992BAAF103001B3967 /* Store.swift in Sources */ = {isa = PBXBuildFile; fileRef = D5199C982BAAF103001B3967 /* Store.swift */; };
		D5199C9B2BAAF12E001B3967 /* Article.swift in Sources */ = {isa = PBXBuildFile; fileRef = D5199C9A2BAAF12E001B3967 /* Article.swift */; };
		D5199C9D2BAAF160001B3967 /* Measurement.swift in Sources */ = {isa = PBXBuildFile; fileRef = D5199C9C2BAAF160001B3967 /* Measurement.swift */; };
		D5199C9F2BAAF1A1001B3967 /* ArticleDependency.swift in Sources */ = {isa = PBXBuildFile; fileRef = D5199C9E2BAAF1A1001B3967 /* ArticleDependency.swift */; };
		D5199CA12BAAF1BE001B3967 /* Product.swift in Sources */ = {isa = PBXBuildFile; fileRef = D5199CA02BAAF1BE001B3967 /* Product.swift */; };
		D5199CAC2BAED4C7001B3967 /* RegisterDeviceScreenView.swift in Sources */ = {isa = PBXBuildFile; fileRef = D5199CAB2BAED4C7001B3967 /* RegisterDeviceScreenView.swift */; };
		D5199CAE2BAED611001B3967 /* RegisterDeviceScreenViewmodel.swift in Sources */ = {isa = PBXBuildFile; fileRef = D5199CAD2BAED611001B3967 /* RegisterDeviceScreenViewmodel.swift */; };
		D589808E2B913FE300D3EBEB /* GonepteryxApp.swift in Sources */ = {isa = PBXBuildFile; fileRef = D589808D2B913FE300D3EBEB /* GonepteryxApp.swift */; };
		D58980902B913FE300D3EBEB /* ContentView.swift in Sources */ = {isa = PBXBuildFile; fileRef = D589808F2B913FE300D3EBEB /* ContentView.swift */; };
		D58980922B913FE400D3EBEB /* Assets.xcassets in Resources */ = {isa = PBXBuildFile; fileRef = D58980912B913FE400D3EBEB /* Assets.xcassets */; };
		D58980952B913FE400D3EBEB /* Preview Assets.xcassets in Resources */ = {isa = PBXBuildFile; fileRef = D58980942B913FE400D3EBEB /* Preview Assets.xcassets */; };
		D589809D2B91409500D3EBEB /* QRCodeCam.swift in Sources */ = {isa = PBXBuildFile; fileRef = D589809C2B91409500D3EBEB /* QRCodeCam.swift */; };
		D589809F2B91411100D3EBEB /* QRCodeScannerView.swift in Sources */ = {isa = PBXBuildFile; fileRef = D589809E2B91411100D3EBEB /* QRCodeScannerView.swift */; };
		D58980AD2B92179E00D3EBEB /* PrinterManager.swift in Sources */ = {isa = PBXBuildFile; fileRef = D58980AC2B92179E00D3EBEB /* PrinterManager.swift */; };
/* End PBXBuildFile section */

/* Begin PBXFileReference section */
		D5199C532BAAD7BE001B3967 /* GoogleService-Info.plist */ = {isa = PBXFileReference; fileEncoding = 4; lastKnownFileType = text.plist.xml; path = "GoogleService-Info.plist"; sourceTree = "<group>"; };
		D5199C842BAAD875001B3967 /* SplashScreenView.swift */ = {isa = PBXFileReference; lastKnownFileType = sourcecode.swift; path = SplashScreenView.swift; sourceTree = "<group>"; };
		D5199C872BAAE2F0001B3967 /* SplashScreenVideo.mp4 */ = {isa = PBXFileReference; lastKnownFileType = file; path = SplashScreenVideo.mp4; sourceTree = "<group>"; };
		D5199C8A2BAAE5DE001B3967 /* RemoteDatabankRepository.swift */ = {isa = PBXFileReference; lastKnownFileType = sourcecode.swift; path = RemoteDatabankRepository.swift; sourceTree = "<group>"; };
		D5199C8D2BAAE635001B3967 /* GonepteryxDevice.swift */ = {isa = PBXFileReference; lastKnownFileType = sourcecode.swift; path = GonepteryxDevice.swift; sourceTree = "<group>"; };
		D5199C8F2BAAE676001B3967 /* Employee.swift */ = {isa = PBXFileReference; lastKnownFileType = sourcecode.swift; path = Employee.swift; sourceTree = "<group>"; };
		D5199C922BAAEA34001B3967 /* Permission.swift */ = {isa = PBXFileReference; lastKnownFileType = sourcecode.swift; path = Permission.swift; sourceTree = "<group>"; };
		D5199C942BAAF07D001B3967 /* User.swift */ = {isa = PBXFileReference; lastKnownFileType = sourcecode.swift; path = User.swift; sourceTree = "<group>"; };
		D5199C962BAAF0C8001B3967 /* Adresse.swift */ = {isa = PBXFileReference; lastKnownFileType = sourcecode.swift; path = Adresse.swift; sourceTree = "<group>"; };
		D5199C982BAAF103001B3967 /* Store.swift */ = {isa = PBXFileReference; lastKnownFileType = sourcecode.swift; path = Store.swift; sourceTree = "<group>"; };
		D5199C9A2BAAF12E001B3967 /* Article.swift */ = {isa = PBXFileReference; lastKnownFileType = sourcecode.swift; path = Article.swift; sourceTree = "<group>"; };
		D5199C9C2BAAF160001B3967 /* Measurement.swift */ = {isa = PBXFileReference; lastKnownFileType = sourcecode.swift; path = Measurement.swift; sourceTree = "<group>"; };
		D5199C9E2BAAF1A1001B3967 /* ArticleDependency.swift */ = {isa = PBXFileReference; lastKnownFileType = sourcecode.swift; path = ArticleDependency.swift; sourceTree = "<group>"; };
		D5199CA02BAAF1BE001B3967 /* Product.swift */ = {isa = PBXFileReference; lastKnownFileType = sourcecode.swift; path = Product.swift; sourceTree = "<group>"; };
		D5199CAB2BAED4C7001B3967 /* RegisterDeviceScreenView.swift */ = {isa = PBXFileReference; lastKnownFileType = sourcecode.swift; path = RegisterDeviceScreenView.swift; sourceTree = "<group>"; };
		D5199CAD2BAED611001B3967 /* RegisterDeviceScreenViewmodel.swift */ = {isa = PBXFileReference; lastKnownFileType = sourcecode.swift; path = RegisterDeviceScreenViewmodel.swift; sourceTree = "<group>"; };
		D589808A2B913FE300D3EBEB /* Gonepteryx.app */ = {isa = PBXFileReference; explicitFileType = wrapper.application; includeInIndex = 0; path = Gonepteryx.app; sourceTree = BUILT_PRODUCTS_DIR; };
		D589808D2B913FE300D3EBEB /* GonepteryxApp.swift */ = {isa = PBXFileReference; lastKnownFileType = sourcecode.swift; path = GonepteryxApp.swift; sourceTree = "<group>"; };
		D589808F2B913FE300D3EBEB /* ContentView.swift */ = {isa = PBXFileReference; lastKnownFileType = sourcecode.swift; path = ContentView.swift; sourceTree = "<group>"; };
		D58980912B913FE400D3EBEB /* Assets.xcassets */ = {isa = PBXFileReference; lastKnownFileType = folder.assetcatalog; path = Assets.xcassets; sourceTree = "<group>"; };
		D58980942B913FE400D3EBEB /* Preview Assets.xcassets */ = {isa = PBXFileReference; lastKnownFileType = folder.assetcatalog; path = "Preview Assets.xcassets"; sourceTree = "<group>"; };
		D589809C2B91409500D3EBEB /* QRCodeCam.swift */ = {isa = PBXFileReference; lastKnownFileType = sourcecode.swift; path = QRCodeCam.swift; sourceTree = "<group>"; };
		D589809E2B91411100D3EBEB /* QRCodeScannerView.swift */ = {isa = PBXFileReference; lastKnownFileType = sourcecode.swift; path = QRCodeScannerView.swift; sourceTree = "<group>"; };
		D58980A02B91476C00D3EBEB /* Info.plist */ = {isa = PBXFileReference; lastKnownFileType = text.plist; path = Info.plist; sourceTree = "<group>"; };
		D58980AC2B92179E00D3EBEB /* PrinterManager.swift */ = {isa = PBXFileReference; lastKnownFileType = sourcecode.swift; path = PrinterManager.swift; sourceTree = "<group>"; };
/* End PBXFileReference section */

/* Begin PBXFrameworksBuildPhase section */
		D58980872B913FE300D3EBEB /* Frameworks */ = {
			isa = PBXFrameworksBuildPhase;
			buildActionMask = 2147483647;
			files = (
				D5199C812BAAD80A001B3967 /* FirebaseStorageCombine-Community in Frameworks */,
				D5199C5B2BAAD809001B3967 /* FirebaseAnalyticsSwift in Frameworks */,
				D5199C712BAAD809001B3967 /* FirebaseInAppMessaging-Beta in Frameworks */,
				D5199C792BAAD80A001B3967 /* FirebasePerformance in Frameworks */,
				D5199C572BAAD809001B3967 /* FirebaseAnalytics in Frameworks */,
				D5199C752BAAD809001B3967 /* FirebaseMLModelDownloader in Frameworks */,
				D5199C592BAAD809001B3967 /* FirebaseAnalyticsOnDeviceConversion in Frameworks */,
				D5199C6D2BAAD809001B3967 /* FirebaseFunctions in Frameworks */,
				D5199C692BAAD809001B3967 /* FirebaseFirestoreCombine-Community in Frameworks */,
				D5199C5F2BAAD809001B3967 /* FirebaseAppCheck in Frameworks */,
				D5199C732BAAD809001B3967 /* FirebaseInAppMessagingSwift-Beta in Frameworks */,
				D5199C7B2BAAD80A001B3967 /* FirebaseRemoteConfig in Frameworks */,
				D5199C7F2BAAD80A001B3967 /* FirebaseStorage in Frameworks */,
				D5199C772BAAD809001B3967 /* FirebaseMessaging in Frameworks */,
				D5199C6B2BAAD809001B3967 /* FirebaseFirestoreSwift in Frameworks */,
				D5199C5D2BAAD809001B3967 /* FirebaseAnalyticsWithoutAdIdSupport in Frameworks */,
				D5199C6F2BAAD809001B3967 /* FirebaseFunctionsCombine-Community in Frameworks */,
				D5199C672BAAD809001B3967 /* FirebaseFirestore in Frameworks */,
				D5199C632BAAD809001B3967 /* FirebaseAuth in Frameworks */,
				D5199C7D2BAAD80A001B3967 /* FirebaseRemoteConfigSwift in Frameworks */,
				D5199C612BAAD809001B3967 /* FirebaseAppDistribution-Beta in Frameworks */,
				D5199C652BAAD809001B3967 /* FirebaseAuthCombine-Community in Frameworks */,
			);
			runOnlyForDeploymentPostprocessing = 0;
		};
/* End PBXFrameworksBuildPhase section */

/* Begin PBXGroup section */
		D5199C822BAAD822001B3967 /* Frameworks */ = {
			isa = PBXGroup;
			children = (
			);
			name = Frameworks;
			sourceTree = "<group>";
		};
		D5199C832BAAD85C001B3967 /* SplashScreen */ = {
			isa = PBXGroup;
			children = (
				D5199C842BAAD875001B3967 /* SplashScreenView.swift */,
			);
			path = SplashScreen;
			sourceTree = "<group>";
		};
		D5199C862BAAD8B7001B3967 /* videoSrc */ = {
			isa = PBXGroup;
			children = (
				D5199C872BAAE2F0001B3967 /* SplashScreenVideo.mp4 */,
			);
			path = videoSrc;
			sourceTree = "<group>";
		};
		D5199C892BAAE5AC001B3967 /* Repositorities */ = {
			isa = PBXGroup;
			children = (
				D5199C8A2BAAE5DE001B3967 /* RemoteDatabankRepository.swift */,
			);
			path = Repositorities;
			sourceTree = "<group>";
		};
		D5199C8C2BAAE620001B3967 /* Datamodels */ = {
			isa = PBXGroup;
			children = (
				D5199C912BAAEA1E001B3967 /* Enums */,
				D5199C8D2BAAE635001B3967 /* GonepteryxDevice.swift */,
				D5199C8F2BAAE676001B3967 /* Employee.swift */,
				D5199C942BAAF07D001B3967 /* User.swift */,
				D5199C962BAAF0C8001B3967 /* Adresse.swift */,
				D5199C982BAAF103001B3967 /* Store.swift */,
				D5199C9A2BAAF12E001B3967 /* Article.swift */,
				D5199C9E2BAAF1A1001B3967 /* ArticleDependency.swift */,
				D5199CA02BAAF1BE001B3967 /* Product.swift */,
			);
			path = Datamodels;
			sourceTree = "<group>";
		};
		D5199C912BAAEA1E001B3967 /* Enums */ = {
			isa = PBXGroup;
			children = (
				D5199C9C2BAAF160001B3967 /* Measurement.swift */,
				D5199C922BAAEA34001B3967 /* Permission.swift */,
			);
			path = Enums;
			sourceTree = "<group>";
		};
		D5199CAA2BAED4A7001B3967 /* RegisterDeviceScreen */ = {
			isa = PBXGroup;
			children = (
				D5199CAB2BAED4C7001B3967 /* RegisterDeviceScreenView.swift */,
				D5199CAD2BAED611001B3967 /* RegisterDeviceScreenViewmodel.swift */,
			);
			path = RegisterDeviceScreen;
			sourceTree = "<group>";
		};
		D58980812B913FE300D3EBEB = {
			isa = PBXGroup;
			children = (
				D589808C2B913FE300D3EBEB /* Gonepteryx */,
				D589808B2B913FE300D3EBEB /* Products */,
				D5199C822BAAD822001B3967 /* Frameworks */,
			);
			sourceTree = "<group>";
		};
		D589808B2B913FE300D3EBEB /* Products */ = {
			isa = PBXGroup;
			children = (
				D589808A2B913FE300D3EBEB /* Gonepteryx.app */,
			);
			name = Products;
			sourceTree = "<group>";
		};
		D589808C2B913FE300D3EBEB /* Gonepteryx */ = {
			isa = PBXGroup;
			children = (
				D5199CAA2BAED4A7001B3967 /* RegisterDeviceScreen */,
				D5199C8C2BAAE620001B3967 /* Datamodels */,
				D5199C892BAAE5AC001B3967 /* Repositorities */,
				D5199C862BAAD8B7001B3967 /* videoSrc */,
				D5199C832BAAD85C001B3967 /* SplashScreen */,
				D5199C532BAAD7BE001B3967 /* GoogleService-Info.plist */,
				D58980A02B91476C00D3EBEB /* Info.plist */,
				D589809B2B91406700D3EBEB /* Tools */,
				D589808D2B913FE300D3EBEB /* GonepteryxApp.swift */,
				D589808F2B913FE300D3EBEB /* ContentView.swift */,
				D58980912B913FE400D3EBEB /* Assets.xcassets */,
				D58980932B913FE400D3EBEB /* Preview Content */,
			);
			path = Gonepteryx;
			sourceTree = "<group>";
		};
		D58980932B913FE400D3EBEB /* Preview Content */ = {
			isa = PBXGroup;
			children = (
				D58980942B913FE400D3EBEB /* Preview Assets.xcassets */,
			);
			path = "Preview Content";
			sourceTree = "<group>";
		};
		D589809B2B91406700D3EBEB /* Tools */ = {
			isa = PBXGroup;
			children = (
				D589809C2B91409500D3EBEB /* QRCodeCam.swift */,
				D589809E2B91411100D3EBEB /* QRCodeScannerView.swift */,
				D58980AC2B92179E00D3EBEB /* PrinterManager.swift */,
			);
			path = Tools;
			sourceTree = "<group>";
		};
/* End PBXGroup section */

/* Begin PBXNativeTarget section */
		D58980892B913FE300D3EBEB /* Gonepteryx */ = {
			isa = PBXNativeTarget;
			buildConfigurationList = D58980982B913FE400D3EBEB /* Build configuration list for PBXNativeTarget "Gonepteryx" */;
			buildPhases = (
				D58980862B913FE300D3EBEB /* Sources */,
				D58980872B913FE300D3EBEB /* Frameworks */,
				D58980882B913FE300D3EBEB /* Resources */,
			);
			buildRules = (
			);
			dependencies = (
			);
			name = Gonepteryx;
			packageProductDependencies = (
				D5199C562BAAD809001B3967 /* FirebaseAnalytics */,
				D5199C582BAAD809001B3967 /* FirebaseAnalyticsOnDeviceConversion */,
				D5199C5A2BAAD809001B3967 /* FirebaseAnalyticsSwift */,
				D5199C5C2BAAD809001B3967 /* FirebaseAnalyticsWithoutAdIdSupport */,
				D5199C5E2BAAD809001B3967 /* FirebaseAppCheck */,
				D5199C602BAAD809001B3967 /* FirebaseAppDistribution-Beta */,
				D5199C622BAAD809001B3967 /* FirebaseAuth */,
				D5199C642BAAD809001B3967 /* FirebaseAuthCombine-Community */,
				D5199C662BAAD809001B3967 /* FirebaseFirestore */,
				D5199C682BAAD809001B3967 /* FirebaseFirestoreCombine-Community */,
				D5199C6A2BAAD809001B3967 /* FirebaseFirestoreSwift */,
				D5199C6C2BAAD809001B3967 /* FirebaseFunctions */,
				D5199C6E2BAAD809001B3967 /* FirebaseFunctionsCombine-Community */,
				D5199C702BAAD809001B3967 /* FirebaseInAppMessaging-Beta */,
				D5199C722BAAD809001B3967 /* FirebaseInAppMessagingSwift-Beta */,
				D5199C742BAAD809001B3967 /* FirebaseMLModelDownloader */,
				D5199C762BAAD809001B3967 /* FirebaseMessaging */,
				D5199C782BAAD80A001B3967 /* FirebasePerformance */,
				D5199C7A2BAAD80A001B3967 /* FirebaseRemoteConfig */,
				D5199C7C2BAAD80A001B3967 /* FirebaseRemoteConfigSwift */,
				D5199C7E2BAAD80A001B3967 /* FirebaseStorage */,
				D5199C802BAAD80A001B3967 /* FirebaseStorageCombine-Community */,
			);
			productName = Gonepteryx;
			productReference = D589808A2B913FE300D3EBEB /* Gonepteryx.app */;
			productType = "com.apple.product-type.application";
		};
/* End PBXNativeTarget section */

/* Begin PBXProject section */
		D58980822B913FE300D3EBEB /* Project object */ = {
			isa = PBXProject;
			attributes = {
				BuildIndependentTargetsInParallel = 1;
				LastSwiftUpdateCheck = 1520;
				LastUpgradeCheck = 1520;
				TargetAttributes = {
					D58980892B913FE300D3EBEB = {
						CreatedOnToolsVersion = 15.2;
					};
				};
			};
			buildConfigurationList = D58980852B913FE300D3EBEB /* Build configuration list for PBXProject "Gonepteryx" */;
			compatibilityVersion = "Xcode 14.0";
			developmentRegion = en;
			hasScannedForEncodings = 0;
			knownRegions = (
				en,
				Base,
			);
			mainGroup = D58980812B913FE300D3EBEB;
			packageReferences = (
				D5199C552BAAD809001B3967 /* XCRemoteSwiftPackageReference "firebase-ios-sdk" */,
			);
			productRefGroup = D589808B2B913FE300D3EBEB /* Products */;
			projectDirPath = "";
			projectRoot = "";
			targets = (
				D58980892B913FE300D3EBEB /* Gonepteryx */,
			);
		};
/* End PBXProject section */

/* Begin PBXResourcesBuildPhase section */
		D58980882B913FE300D3EBEB /* Resources */ = {
			isa = PBXResourcesBuildPhase;
			buildActionMask = 2147483647;
			files = (
				D5199C542BAAD7BE001B3967 /* GoogleService-Info.plist in Resources */,
				D58980952B913FE400D3EBEB /* Preview Assets.xcassets in Resources */,
				D5199C882BAAE2F0001B3967 /* SplashScreenVideo.mp4 in Resources */,
				D58980922B913FE400D3EBEB /* Assets.xcassets in Resources */,
			);
			runOnlyForDeploymentPostprocessing = 0;
		};
/* End PBXResourcesBuildPhase section */

/* Begin PBXSourcesBuildPhase section */
		D58980862B913FE300D3EBEB /* Sources */ = {
			isa = PBXSourcesBuildPhase;
			buildActionMask = 2147483647;
			files = (
				D5199C9B2BAAF12E001B3967 /* Article.swift in Sources */,
				D58980AD2B92179E00D3EBEB /* PrinterManager.swift in Sources */,
				D5199C9D2BAAF160001B3967 /* Measurement.swift in Sources */,
				D5199C902BAAE676001B3967 /* Employee.swift in Sources */,
				D58980902B913FE300D3EBEB /* ContentView.swift in Sources */,
				D5199CA12BAAF1BE001B3967 /* Product.swift in Sources */,
				D5199C9F2BAAF1A1001B3967 /* ArticleDependency.swift in Sources */,
				D5199C972BAAF0C8001B3967 /* Adresse.swift in Sources */,
				D589808E2B913FE300D3EBEB /* GonepteryxApp.swift in Sources */,
				D5199CAC2BAED4C7001B3967 /* RegisterDeviceScreenView.swift in Sources */,
				D5199C932BAAEA34001B3967 /* Permission.swift in Sources */,
				D5199C8B2BAAE5DE001B3967 /* RemoteDatabankRepository.swift in Sources */,
				D5199C992BAAF103001B3967 /* Store.swift in Sources */,
				D589809F2B91411100D3EBEB /* QRCodeScannerView.swift in Sources */,
				D589809D2B91409500D3EBEB /* QRCodeCam.swift in Sources */,
				D5199C8E2BAAE635001B3967 /* GonepteryxDevice.swift in Sources */,
				D5199C852BAAD875001B3967 /* SplashScreenView.swift in Sources */,
				D5199CAE2BAED611001B3967 /* RegisterDeviceScreenViewmodel.swift in Sources */,
				D5199C952BAAF07D001B3967 /* User.swift in Sources */,
			);
			runOnlyForDeploymentPostprocessing = 0;
		};
/* End PBXSourcesBuildPhase section */

/* Begin XCBuildConfiguration section */
		D58980962B913FE400D3EBEB /* Debug */ = {
			isa = XCBuildConfiguration;
			buildSettings = {
				ALWAYS_SEARCH_USER_PATHS = NO;
				ASSETCATALOG_COMPILER_GENERATE_SWIFT_ASSET_SYMBOL_EXTENSIONS = YES;
				CLANG_ANALYZER_NONNULL = YES;
				CLANG_ANALYZER_NUMBER_OBJECT_CONVERSION = YES_AGGRESSIVE;
				CLANG_CXX_LANGUAGE_STANDARD = "gnu++20";
				CLANG_ENABLE_MODULES = YES;
				CLANG_ENABLE_OBJC_ARC = YES;
				CLANG_ENABLE_OBJC_WEAK = YES;
				CLANG_WARN_BLOCK_CAPTURE_AUTORELEASING = YES;
				CLANG_WARN_BOOL_CONVERSION = YES;
				CLANG_WARN_COMMA = YES;
				CLANG_WARN_CONSTANT_CONVERSION = YES;
				CLANG_WARN_DEPRECATED_OBJC_IMPLEMENTATIONS = YES;
				CLANG_WARN_DIRECT_OBJC_ISA_USAGE = YES_ERROR;
				CLANG_WARN_DOCUMENTATION_COMMENTS = YES;
				CLANG_WARN_EMPTY_BODY = YES;
				CLANG_WARN_ENUM_CONVERSION = YES;
				CLANG_WARN_INFINITE_RECURSION = YES;
				CLANG_WARN_INT_CONVERSION = YES;
				CLANG_WARN_NON_LITERAL_NULL_CONVERSION = YES;
				CLANG_WARN_OBJC_IMPLICIT_RETAIN_SELF = YES;
				CLANG_WARN_OBJC_LITERAL_CONVERSION = YES;
				CLANG_WARN_OBJC_ROOT_CLASS = YES_ERROR;
				CLANG_WARN_QUOTED_INCLUDE_IN_FRAMEWORK_HEADER = YES;
				CLANG_WARN_RANGE_LOOP_ANALYSIS = YES;
				CLANG_WARN_STRICT_PROTOTYPES = YES;
				CLANG_WARN_SUSPICIOUS_MOVE = YES;
				CLANG_WARN_UNGUARDED_AVAILABILITY = YES_AGGRESSIVE;
				CLANG_WARN_UNREACHABLE_CODE = YES;
				CLANG_WARN__DUPLICATE_METHOD_MATCH = YES;
				COPY_PHASE_STRIP = NO;
				DEBUG_INFORMATION_FORMAT = dwarf;
				ENABLE_STRICT_OBJC_MSGSEND = YES;
				ENABLE_TESTABILITY = YES;
				ENABLE_USER_SCRIPT_SANDBOXING = YES;
				GCC_C_LANGUAGE_STANDARD = gnu17;
				GCC_DYNAMIC_NO_PIC = NO;
				GCC_NO_COMMON_BLOCKS = YES;
				GCC_OPTIMIZATION_LEVEL = 0;
				GCC_PREPROCESSOR_DEFINITIONS = (
					"DEBUG=1",
					"$(inherited)",
				);
				GCC_WARN_64_TO_32_BIT_CONVERSION = YES;
				GCC_WARN_ABOUT_RETURN_TYPE = YES_ERROR;
				GCC_WARN_UNDECLARED_SELECTOR = YES;
				GCC_WARN_UNINITIALIZED_AUTOS = YES_AGGRESSIVE;
				GCC_WARN_UNUSED_FUNCTION = YES;
				GCC_WARN_UNUSED_VARIABLE = YES;
				IPHONEOS_DEPLOYMENT_TARGET = 17.2;
				LOCALIZATION_PREFERS_STRING_CATALOGS = YES;
				MTL_ENABLE_DEBUG_INFO = INCLUDE_SOURCE;
				MTL_FAST_MATH = YES;
				ONLY_ACTIVE_ARCH = YES;
				SDKROOT = iphoneos;
				SWIFT_ACTIVE_COMPILATION_CONDITIONS = "DEBUG $(inherited)";
				SWIFT_OPTIMIZATION_LEVEL = "-Onone";
			};
			name = Debug;
		};
		D58980972B913FE400D3EBEB /* Release */ = {
			isa = XCBuildConfiguration;
			buildSettings = {
				ALWAYS_SEARCH_USER_PATHS = NO;
				ASSETCATALOG_COMPILER_GENERATE_SWIFT_ASSET_SYMBOL_EXTENSIONS = YES;
				CLANG_ANALYZER_NONNULL = YES;
				CLANG_ANALYZER_NUMBER_OBJECT_CONVERSION = YES_AGGRESSIVE;
				CLANG_CXX_LANGUAGE_STANDARD = "gnu++20";
				CLANG_ENABLE_MODULES = YES;
				CLANG_ENABLE_OBJC_ARC = YES;
				CLANG_ENABLE_OBJC_WEAK = YES;
				CLANG_WARN_BLOCK_CAPTURE_AUTORELEASING = YES;
				CLANG_WARN_BOOL_CONVERSION = YES;
				CLANG_WARN_COMMA = YES;
				CLANG_WARN_CONSTANT_CONVERSION = YES;
				CLANG_WARN_DEPRECATED_OBJC_IMPLEMENTATIONS = YES;
				CLANG_WARN_DIRECT_OBJC_ISA_USAGE = YES_ERROR;
				CLANG_WARN_DOCUMENTATION_COMMENTS = YES;
				CLANG_WARN_EMPTY_BODY = YES;
				CLANG_WARN_ENUM_CONVERSION = YES;
				CLANG_WARN_INFINITE_RECURSION = YES;
				CLANG_WARN_INT_CONVERSION = YES;
				CLANG_WARN_NON_LITERAL_NULL_CONVERSION = YES;
				CLANG_WARN_OBJC_IMPLICIT_RETAIN_SELF = YES;
				CLANG_WARN_OBJC_LITERAL_CONVERSION = YES;
				CLANG_WARN_OBJC_ROOT_CLASS = YES_ERROR;
				CLANG_WARN_QUOTED_INCLUDE_IN_FRAMEWORK_HEADER = YES;
				CLANG_WARN_RANGE_LOOP_ANALYSIS = YES;
				CLANG_WARN_STRICT_PROTOTYPES = YES;
				CLANG_WARN_SUSPICIOUS_MOVE = YES;
				CLANG_WARN_UNGUARDED_AVAILABILITY = YES_AGGRESSIVE;
				CLANG_WARN_UNREACHABLE_CODE = YES;
				CLANG_WARN__DUPLICATE_METHOD_MATCH = YES;
				COPY_PHASE_STRIP = NO;
				DEBUG_INFORMATION_FORMAT = "dwarf-with-dsym";
				ENABLE_NS_ASSERTIONS = NO;
				ENABLE_STRICT_OBJC_MSGSEND = YES;
				ENABLE_USER_SCRIPT_SANDBOXING = YES;
				GCC_C_LANGUAGE_STANDARD = gnu17;
				GCC_NO_COMMON_BLOCKS = YES;
				GCC_WARN_64_TO_32_BIT_CONVERSION = YES;
				GCC_WARN_ABOUT_RETURN_TYPE = YES_ERROR;
				GCC_WARN_UNDECLARED_SELECTOR = YES;
				GCC_WARN_UNINITIALIZED_AUTOS = YES_AGGRESSIVE;
				GCC_WARN_UNUSED_FUNCTION = YES;
				GCC_WARN_UNUSED_VARIABLE = YES;
				IPHONEOS_DEPLOYMENT_TARGET = 17.2;
				LOCALIZATION_PREFERS_STRING_CATALOGS = YES;
				MTL_ENABLE_DEBUG_INFO = NO;
				MTL_FAST_MATH = YES;
				SDKROOT = iphoneos;
				SWIFT_COMPILATION_MODE = wholemodule;
				VALIDATE_PRODUCT = YES;
			};
			name = Release;
		};
		D58980992B913FE400D3EBEB /* Debug */ = {
			isa = XCBuildConfiguration;
			buildSettings = {
				ASSETCATALOG_COMPILER_APPICON_NAME = AppIcon;
				ASSETCATALOG_COMPILER_GLOBAL_ACCENT_COLOR_NAME = AccentColor;
				CODE_SIGN_STYLE = Automatic;
				CURRENT_PROJECT_VERSION = 1;
				DEVELOPMENT_ASSET_PATHS = "\"Gonepteryx/Preview Content\"";
				DEVELOPMENT_TEAM = XLAGW5Z727;
				ENABLE_PREVIEWS = YES;
				GENERATE_INFOPLIST_FILE = YES;
				INFOPLIST_FILE = Gonepteryx/Info.plist;
				INFOPLIST_KEY_UIApplicationSceneManifest_Generation = YES;
				INFOPLIST_KEY_UIApplicationSupportsIndirectInputEvents = YES;
				INFOPLIST_KEY_UILaunchScreen_Generation = YES;
				INFOPLIST_KEY_UISupportedInterfaceOrientations_iPad = "UIInterfaceOrientationPortrait UIInterfaceOrientationPortraitUpsideDown UIInterfaceOrientationLandscapeLeft UIInterfaceOrientationLandscapeRight";
				INFOPLIST_KEY_UISupportedInterfaceOrientations_iPhone = "UIInterfaceOrientationPortrait UIInterfaceOrientationLandscapeLeft UIInterfaceOrientationLandscapeRight";
				IPHONEOS_DEPLOYMENT_TARGET = 16.0;
				LD_RUNPATH_SEARCH_PATHS = (
					"$(inherited)",
					"@executable_path/Frameworks",
				);
				MARKETING_VERSION = 1.0;
				PRODUCT_BUNDLE_IDENTIFIER = com.dannydauck.Gonepteryx;
				PRODUCT_NAME = "$(TARGET_NAME)";
				SUPPORTED_PLATFORMS = "iphoneos iphonesimulator";
				SUPPORTS_MACCATALYST = NO;
				SUPPORTS_MAC_DESIGNED_FOR_IPHONE_IPAD = NO;
				SUPPORTS_XR_DESIGNED_FOR_IPHONE_IPAD = NO;
				SWIFT_EMIT_LOC_STRINGS = YES;
				SWIFT_VERSION = 5.0;
				TARGETED_DEVICE_FAMILY = "1,2";
			};
			name = Debug;
		};
		D589809A2B913FE400D3EBEB /* Release */ = {
			isa = XCBuildConfiguration;
			buildSettings = {
				ASSETCATALOG_COMPILER_APPICON_NAME = AppIcon;
				ASSETCATALOG_COMPILER_GLOBAL_ACCENT_COLOR_NAME = AccentColor;
				CODE_SIGN_STYLE = Automatic;
				CURRENT_PROJECT_VERSION = 1;
				DEVELOPMENT_ASSET_PATHS = "\"Gonepteryx/Preview Content\"";
				DEVELOPMENT_TEAM = XLAGW5Z727;
				ENABLE_PREVIEWS = YES;
				GENERATE_INFOPLIST_FILE = YES;
				INFOPLIST_FILE = Gonepteryx/Info.plist;
				INFOPLIST_KEY_UIApplicationSceneManifest_Generation = YES;
				INFOPLIST_KEY_UIApplicationSupportsIndirectInputEvents = YES;
				INFOPLIST_KEY_UILaunchScreen_Generation = YES;
				INFOPLIST_KEY_UISupportedInterfaceOrientations_iPad = "UIInterfaceOrientationPortrait UIInterfaceOrientationPortraitUpsideDown UIInterfaceOrientationLandscapeLeft UIInterfaceOrientationLandscapeRight";
				INFOPLIST_KEY_UISupportedInterfaceOrientations_iPhone = "UIInterfaceOrientationPortrait UIInterfaceOrientationLandscapeLeft UIInterfaceOrientationLandscapeRight";
				IPHONEOS_DEPLOYMENT_TARGET = 16.0;
				LD_RUNPATH_SEARCH_PATHS = (
					"$(inherited)",
					"@executable_path/Frameworks",
				);
				MARKETING_VERSION = 1.0;
				PRODUCT_BUNDLE_IDENTIFIER = com.dannydauck.Gonepteryx;
				PRODUCT_NAME = "$(TARGET_NAME)";
				SUPPORTED_PLATFORMS = "iphoneos iphonesimulator";
				SUPPORTS_MACCATALYST = NO;
				SUPPORTS_MAC_DESIGNED_FOR_IPHONE_IPAD = NO;
				SUPPORTS_XR_DESIGNED_FOR_IPHONE_IPAD = NO;
				SWIFT_EMIT_LOC_STRINGS = YES;
				SWIFT_VERSION = 5.0;
				TARGETED_DEVICE_FAMILY = "1,2";
			};
			name = Release;
		};
/* End XCBuildConfiguration section */

/* Begin XCConfigurationList section */
		D58980852B913FE300D3EBEB /* Build configuration list for PBXProject "Gonepteryx" */ = {
			isa = XCConfigurationList;
			buildConfigurations = (
				D58980962B913FE400D3EBEB /* Debug */,
				D58980972B913FE400D3EBEB /* Release */,
			);
			defaultConfigurationIsVisible = 0;
			defaultConfigurationName = Release;
		};
		D58980982B913FE400D3EBEB /* Build configuration list for PBXNativeTarget "Gonepteryx" */ = {
			isa = XCConfigurationList;
			buildConfigurations = (
				D58980992B913FE400D3EBEB /* Debug */,
				D589809A2B913FE400D3EBEB /* Release */,
			);
			defaultConfigurationIsVisible = 0;
			defaultConfigurationName = Release;
		};
/* End XCConfigurationList section */

/* Begin XCRemoteSwiftPackageReference section */
		D5199C552BAAD809001B3967 /* XCRemoteSwiftPackageReference "firebase-ios-sdk" */ = {
			isa = XCRemoteSwiftPackageReference;
			repositoryURL = "https://github.com/firebase/firebase-ios-sdk";
			requirement = {
				kind = upToNextMajorVersion;
				minimumVersion = 10.23.0;
			};
		};
/* End XCRemoteSwiftPackageReference section */

/* Begin XCSwiftPackageProductDependency section */
		D5199C562BAAD809001B3967 /* FirebaseAnalytics */ = {
			isa = XCSwiftPackageProductDependency;
			package = D5199C552BAAD809001B3967 /* XCRemoteSwiftPackageReference "firebase-ios-sdk" */;
			productName = FirebaseAnalytics;
		};
		D5199C582BAAD809001B3967 /* FirebaseAnalyticsOnDeviceConversion */ = {
			isa = XCSwiftPackageProductDependency;
			package = D5199C552BAAD809001B3967 /* XCRemoteSwiftPackageReference "firebase-ios-sdk" */;
			productName = FirebaseAnalyticsOnDeviceConversion;
		};
		D5199C5A2BAAD809001B3967 /* FirebaseAnalyticsSwift */ = {
			isa = XCSwiftPackageProductDependency;
			package = D5199C552BAAD809001B3967 /* XCRemoteSwiftPackageReference "firebase-ios-sdk" */;
			productName = FirebaseAnalyticsSwift;
		};
		D5199C5C2BAAD809001B3967 /* FirebaseAnalyticsWithoutAdIdSupport */ = {
			isa = XCSwiftPackageProductDependency;
			package = D5199C552BAAD809001B3967 /* XCRemoteSwiftPackageReference "firebase-ios-sdk" */;
			productName = FirebaseAnalyticsWithoutAdIdSupport;
		};
		D5199C5E2BAAD809001B3967 /* FirebaseAppCheck */ = {
			isa = XCSwiftPackageProductDependency;
			package = D5199C552BAAD809001B3967 /* XCRemoteSwiftPackageReference "firebase-ios-sdk" */;
			productName = FirebaseAppCheck;
		};
		D5199C602BAAD809001B3967 /* FirebaseAppDistribution-Beta */ = {
			isa = XCSwiftPackageProductDependency;
			package = D5199C552BAAD809001B3967 /* XCRemoteSwiftPackageReference "firebase-ios-sdk" */;
			productName = "FirebaseAppDistribution-Beta";
		};
		D5199C622BAAD809001B3967 /* FirebaseAuth */ = {
			isa = XCSwiftPackageProductDependency;
			package = D5199C552BAAD809001B3967 /* XCRemoteSwiftPackageReference "firebase-ios-sdk" */;
			productName = FirebaseAuth;
		};
		D5199C642BAAD809001B3967 /* FirebaseAuthCombine-Community */ = {
			isa = XCSwiftPackageProductDependency;
			package = D5199C552BAAD809001B3967 /* XCRemoteSwiftPackageReference "firebase-ios-sdk" */;
			productName = "FirebaseAuthCombine-Community";
		};
		D5199C662BAAD809001B3967 /* FirebaseFirestore */ = {
			isa = XCSwiftPackageProductDependency;
			package = D5199C552BAAD809001B3967 /* XCRemoteSwiftPackageReference "firebase-ios-sdk" */;
			productName = FirebaseFirestore;
		};
		D5199C682BAAD809001B3967 /* FirebaseFirestoreCombine-Community */ = {
			isa = XCSwiftPackageProductDependency;
			package = D5199C552BAAD809001B3967 /* XCRemoteSwiftPackageReference "firebase-ios-sdk" */;
			productName = "FirebaseFirestoreCombine-Community";
		};
		D5199C6A2BAAD809001B3967 /* FirebaseFirestoreSwift */ = {
			isa = XCSwiftPackageProductDependency;
			package = D5199C552BAAD809001B3967 /* XCRemoteSwiftPackageReference "firebase-ios-sdk" */;
			productName = FirebaseFirestoreSwift;
		};
		D5199C6C2BAAD809001B3967 /* FirebaseFunctions */ = {
			isa = XCSwiftPackageProductDependency;
			package = D5199C552BAAD809001B3967 /* XCRemoteSwiftPackageReference "firebase-ios-sdk" */;
			productName = FirebaseFunctions;
		};
		D5199C6E2BAAD809001B3967 /* FirebaseFunctionsCombine-Community */ = {
			isa = XCSwiftPackageProductDependency;
			package = D5199C552BAAD809001B3967 /* XCRemoteSwiftPackageReference "firebase-ios-sdk" */;
			productName = "FirebaseFunctionsCombine-Community";
		};
		D5199C702BAAD809001B3967 /* FirebaseInAppMessaging-Beta */ = {
			isa = XCSwiftPackageProductDependency;
			package = D5199C552BAAD809001B3967 /* XCRemoteSwiftPackageReference "firebase-ios-sdk" */;
			productName = "FirebaseInAppMessaging-Beta";
		};
		D5199C722BAAD809001B3967 /* FirebaseInAppMessagingSwift-Beta */ = {
			isa = XCSwiftPackageProductDependency;
			package = D5199C552BAAD809001B3967 /* XCRemoteSwiftPackageReference "firebase-ios-sdk" */;
			productName = "FirebaseInAppMessagingSwift-Beta";
		};
		D5199C742BAAD809001B3967 /* FirebaseMLModelDownloader */ = {
			isa = XCSwiftPackageProductDependency;
			package = D5199C552BAAD809001B3967 /* XCRemoteSwiftPackageReference "firebase-ios-sdk" */;
			productName = FirebaseMLModelDownloader;
		};
		D5199C762BAAD809001B3967 /* FirebaseMessaging */ = {
			isa = XCSwiftPackageProductDependency;
			package = D5199C552BAAD809001B3967 /* XCRemoteSwiftPackageReference "firebase-ios-sdk" */;
			productName = FirebaseMessaging;
		};
		D5199C782BAAD80A001B3967 /* FirebasePerformance */ = {
			isa = XCSwiftPackageProductDependency;
			package = D5199C552BAAD809001B3967 /* XCRemoteSwiftPackageReference "firebase-ios-sdk" */;
			productName = FirebasePerformance;
		};
		D5199C7A2BAAD80A001B3967 /* FirebaseRemoteConfig */ = {
			isa = XCSwiftPackageProductDependency;
			package = D5199C552BAAD809001B3967 /* XCRemoteSwiftPackageReference "firebase-ios-sdk" */;
			productName = FirebaseRemoteConfig;
		};
		D5199C7C2BAAD80A001B3967 /* FirebaseRemoteConfigSwift */ = {
			isa = XCSwiftPackageProductDependency;
			package = D5199C552BAAD809001B3967 /* XCRemoteSwiftPackageReference "firebase-ios-sdk" */;
			productName = FirebaseRemoteConfigSwift;
		};
		D5199C7E2BAAD80A001B3967 /* FirebaseStorage */ = {
			isa = XCSwiftPackageProductDependency;
			package = D5199C552BAAD809001B3967 /* XCRemoteSwiftPackageReference "firebase-ios-sdk" */;
			productName = FirebaseStorage;
		};
		D5199C802BAAD80A001B3967 /* FirebaseStorageCombine-Community */ = {
			isa = XCSwiftPackageProductDependency;
			package = D5199C552BAAD809001B3967 /* XCRemoteSwiftPackageReference "firebase-ios-sdk" */;
			productName = "FirebaseStorageCombine-Community";
		};
/* End XCSwiftPackageProductDependency section */
	};
	rootObject = D58980822B913FE300D3EBEB /* Project object */;
}
